{
  "nodes": {
    "agent-browser-darwin-aarch64": {
      "flake": false,
      "locked": {
        "narHash": "sha256-/pDqDc0s2uQGURmyl5zh2HaRrIBehPw6xSENfkucbOY=",
        "type": "file",
        "url": "https://github.com/vercel-labs/agent-browser/releases/latest/download/agent-browser-darwin-arm64"
      },
      "original": {
        "type": "file",
        "url": "https://github.com/vercel-labs/agent-browser/releases/latest/download/agent-browser-darwin-arm64"
      }
    },
    "agent-browser-darwin-x86_64": {
      "flake": false,
      "locked": {
        "narHash": "sha256-364BXlZkDlwqVex5++DF8bZ0OWO5PQIjWR/0hFg64n4=",
        "type": "file",
        "url": "https://github.com/vercel-labs/agent-browser/releases/latest/download/agent-browser-darwin-x64"
      },
      "original": {
        "type": "file",
        "url": "https://github.com/vercel-labs/agent-browser/releases/latest/download/agent-browser-darwin-x64"
      }
    },
    "agent-browser-linux-aarch64": {
      "flake": false,
      "locked": {
        "narHash": "sha256-s6Cc0BAls/c6nRtDvnmcXUY6Zj62zphbKHO5l7dTTjA=",
        "type": "file",
        "url": "https://github.com/vercel-labs/agent-browser/releases/latest/download/agent-browser-linux-musl-arm64"
      },
      "original": {
        "type": "file",
        "url": "https://github.com/vercel-labs/agent-browser/releases/latest/download/agent-browser-linux-musl-arm64"
      }
    },
    "agent-browser-linux-x86_64": {
      "flake": false,
      "locked": {
        "narHash": "sha256-jkR7/RlmPB0O+oyHjftF07xhdkqx5GWPUsP8jIMMi7s=",
        "type": "file",
        "url": "https://github.com/vercel-labs/agent-browser/releases/latest/download/agent-browser-linux-musl-x64"
      },
      "original": {
        "type": "file",
        "url": "https://github.com/vercel-labs/agent-browser/releases/latest/download/agent-browser-linux-musl-x64"
      }
    },
    "agent-browser-src": {
      "flake": false,
      "locked": {
        "lastModified": 1785639816,
        "narHash": "sha256-sAWIuHX3cHEpVQBh2WRIJ6zurB0nNza0QmX7k0zM4k0=",
        "owner": "vercel-labs",
        "repo": "agent-browser",
        "rev": "93cdda5709e8861c0c26b0b955d8d746e9fda0d7",
        "type": "github"
      },
      "original": {
        "owner": "vercel-labs",
        "repo": "agent-browser",
        "type": "github"
      }
    },
    "anthropic-skills": {
      "flake": false,
      "locked": {
        "lastModified": 1784923954,
        "narHash": "sha256-RH2B03gj4kzw1j5LORezgUZPPu8mW+mWb+Kl2U7WUbY=",
        "owner": "anthropics",
        "repo": "skills",
        "rev": "b29e7cf65e5cb78a5ac33d582270551bc74a14eb",
        "type": "github"
      },
      "original": {
        "owner": "anthropics",
        "repo": "skills",
        "type": "github"
      }
    },
    "bun2nix": {
      "inputs": {
        "flake-parts": [
          "llm-agents",
          "flake-parts"
        ],
        "nixpkgs": [
          "llm-agents",
          "nixpkgs"
        ],
        "systems": [
          "llm-agents",
          "systems"
        ],
        "treefmt-nix": [
          "llm-agents",
          "treefmt-nix"
        ]
      },
      "locked": {
        "lastModified": 1784665499,
        "narHash": "sha256-9BMxlTxCCDAeoNLtb1a/st7udtTIJep+wpUzquA29VU=",
        "owner": "nix-community",
        "repo": "bun2nix",
        "rev": "0f2a1f0b6f42cebe3b149bf62d38754c5e0e9729",
        "type": "github"
      },
      "original": {
        "owner": "nix-community",
        "repo": "bun2nix",
        "type": "github"
      }
    },
    "codex-darwin-aarch64": {
      "flake": false,
      "locked": {
        "lastModified": 1785288494,
        "narHash": "sha256-0OVOWWBc6gx4cs/w83hBQ8Gs+ycSJ/2yO1eWp5rQbN8=",
        "type": "tarball",
        "url": "https://github.com/openai/codex/releases/latest/download/codex-aarch64-apple-darwin.tar.gz"
      },
      "original": {
        "type": "tarball",
        "url": "https://github.com/openai/codex/releases/latest/download/codex-aarch64-apple-darwin.tar.gz"
      }
    },
    "codex-darwin-x86_64": {
      "flake": false,
      "locked": {
        "lastModified": 1785288495,
        "narHash": "sha256-uQKyIGbnFZ7gjwq2h23ZzTVXTxU8aB1jgoghD0ow/3E=",
        "type": "tarball",
        "url": "https://github.com/openai/codex/releases/latest/download/codex-x86_64-apple-darwin.tar.gz"
      },
      "original": {
        "type": "tarball",
        "url": "https://github.com/openai/codex/releases/latest/download/codex-x86_64-apple-darwin.tar.gz"
      }
    },
    "deploy-rs": {
      "inputs": {
        "flake-compat": "flake-compat",
        "nixpkgs": [
          "nixpkgs"
        ],
        "utils": "utils"
      },
      "locked": {
        "lastModified": 1785518313,
        "narHash": "sha256-anlq3YQDCsNrkNlu3HTg4dEIpRugwnyAVUxoPcBmA/U=",
        "owner": "serokell",
        "repo": "deploy-rs",
        "rev": "b974715a27b49fadbf3bf6d85e26bcb3109daa6d",
        "type": "github"
      },
      "original": {
        "owner": "serokell",
        "repo": "deploy-rs",
        "type": "github"
      }
    },
    "disko": {
      "inputs": {
        "nixpkgs": [
          "nixpkgs"
        ]
      },
      "locked": {
        "lastModified": 1781152676,
        "narHash": "sha256-RxWs5ND31KzTG7wvMM+PMfUjyNpmIEr999lqNARaM5o=",
        "owner": "nix-community",
        "repo": "disko",
        "rev": "ff8702b4de27f72b4c78573dfb89ec74e36abdf1",
        "type": "github"
      },
      "original": {
        "owner": "nix-community",
        "repo": "disko",
        "type": "github"
      }
    },
    "flake-compat": {
      "flake": false,
      "locked": {
        "lastModified": 1733328505,
        "narHash": "sha256-NeCCThCEP3eCl2l/+27kNNK7QrwZB1IJCrXfrbv5oqU=",
        "owner": "edolstra",
        "repo": "flake-compat",
        "rev": "ff81ac966bb2cae68946d5ed5fc4994f96d0ffec",
        "type": "github"
      },
      "original": {
        "owner": "edolstra",
        "repo": "flake-compat",
        "type": "github"
      }
    },
    "flake-parts": {
      "inputs": {
        "nixpkgs-lib": [
          "nixpkgs"
        ]
      },
      "locked": {
        "lastModified": 1785627969,
        "narHash": "sha256-4dtXQk/NMePegK/nWp5NSeuZKLATItOq61lpEvmXqGw=",
        "owner": "hercules-ci",
        "repo": "flake-parts",
        "rev": "427bf4bd9435fdf21321c8cc628c24efc14c0f7a",
        "type": "github"
      },
      "original": {
        "owner": "hercules-ci",
        "repo": "flake-parts",
        "type": "github"
      }
    },
    "flake-parts_2": {
      "inputs": {
        "nixpkgs-lib": [
          "llm-agents",
          "nixpkgs"
        ]
      },
      "locked": {
        "lastModified": 1785627969,
        "narHash": "sha256-4dtXQk/NMePegK/nWp5NSeuZKLATItOq61lpEvmXqGw=",
        "owner": "hercules-ci",
        "repo": "flake-parts",
        "rev": "427bf4bd9435fdf21321c8cc628c24efc14c0f7a",
        "type": "github"
      },
      "original": {
        "owner": "hercules-ci",
        "repo": "flake-parts",
        "type": "github"
      }
    },
    "herdr": {
      "inputs": {
        "nixpkgs": [
          "nixpkgs"
        ]
      },
      "locked": {
        "lastModified": 1780524194,
        "narHash": "sha256-sscOgeInU+2AfVSRDdoSuQbWXkLh4y/Mol0qwquFdCs=",
        "owner": "ogulcancelik",
        "repo": "herdr",
        "rev": "3abda6138e165f4b2b625fea65f971a65072bc66",
        "type": "github"
      },
      "original": {
        "owner": "ogulcancelik",
        "ref": "v0.6.8",
        "repo": "herdr",
        "type": "github"
      }
    },
    "home-manager": {
      "inputs": {
        "nixpkgs": [
          "nixpkgs"
        ]
      },
      "locked": {
        "lastModified": 1785531816,
        "narHash": "sha256-vkMnV0JIyw+g/NmcfoajlGaAO+9a0ezia+FZohQJrik=",
        "owner": "nix-community",
        "repo": "home-manager",
        "rev": "bf9ce9fec78f95f374e8dd3b503863a3ec128ebe",
        "type": "github"
      },
      "original": {
        "owner": "nix-community",
        "repo": "home-manager",
        "type": "github"
      }
    },
    "import-tree": {
      "locked": {
        "lastModified": 1784254960,
        "narHash": "sha256-iI88R3wHz8wTKQb5orvpc51L/Xr64AJyxid/0MKa/b8=",
        "owner": "vic",
        "repo": "import-tree",
        "rev": "4ebb10ae17d5f1ad366e7aef5b92cb8eecf24f69",
        "type": "github"
      },
      "original": {
        "owner": "vic",
        "repo": "import-tree",
        "type": "github"
      }
    },
    "llm-agents": {
      "inputs": {
        "bun2nix": "bun2nix",
        "flake-parts": "flake-parts_2",
        "nixpkgs": [
          "nixpkgs"
        ],
        "systems": "systems_2",
        "treefmt-nix": "treefmt-nix"
      },
      "locked": {
        "lastModified": 1785700570,
        "narHash": "sha256-AHiFiQ8APCY58OpPqIUalPECfrQrmQ0Bziv14nKpGMg=",
        "owner": "numtide",
        "repo": "llm-agents.nix",
        "rev": "d8c8ed623b58d163a3cac1b5ac3d56c38ee2bd74",
        "type": "github"
      },
      "original": {
        "owner": "numtide",
        "repo": "llm-agents.nix",
        "type": "github"
      }
    },
    "niri": {
      "inputs": {
        "niri-stable": "niri-stable",
        "niri-unstable": "niri-unstable",
        "nixpkgs": [
          "nixpkgs"
        ],
        "nixpkgs-stable": "nixpkgs-stable",
        "xwayland-satellite-stable": "xwayland-satellite-stable",
        "xwayland-satellite-unstable": "xwayland-satellite-unstable"
      },
      "locked": {
        "lastModified": 1785705919,
        "narHash": "sha256-fkLVrf2tZ/822v+kF2NgXxQD5ugMNTgGlUd7Y1kHEHg=",
        "owner": "sodiboo",
        "repo": "niri-flake",
        "rev": "50e136c5452ae98638d066454391c7ba7e16410a",
        "type": "github"
      },
      "original": {
        "owner": "sodiboo",
        "repo": "niri-flake",
        "type": "github"
      }
    },
    "niri-stable": {
      "flake": false,
      "locked": {
        "lastModified": 1756556321,
        "narHash": "sha256-RLD89dfjN0RVO86C/Mot0T7aduCygPGaYbog566F0Qo=",
        "owner": "YaLTeR",
        "repo": "niri",
        "rev": "01be0e65f4eb91a9cd624ac0b76aaeab765c7294",
        "type": "github"
      },
      "original": {
        "owner": "YaLTeR",
        "ref": "v25.08",
        "repo": "niri",
        "type": "github"
      }
    },
    "niri-unstable": {
      "flake": false,
      "locked": {
        "lastModified": 1785701241,
        "narHash": "sha256-ircVOzPWRircI39ac/tqJajr5OoJxEVrDlBb05TULEk=",
        "owner": "YaLTeR",
        "repo": "niri",
        "rev": "feb3e43f1475e0865bb89cbd1e898b34d1d2ccf6",
        "type": "github"
      },
      "original": {
        "owner": "YaLTeR",
        "repo": "niri",
        "type": "github"
      }
    },
    "nix-darwin": {
      "inputs": {
        "nixpkgs": [
          "nixpkgs"
        ]
      },
      "locked": {
        "lastModified": 1785389976,
        "narHash": "sha256-0tLW8Ff5yt8AH97jw4ZpFJ0OCJ122zIlgWGDmOfU/VU=",
        "owner": "nix-darwin",
        "repo": "nix-darwin",
        "rev": "15abb8c98f336cd8bd840d71059adebabe60bf04",
        "type": "github"
      },
      "original": {
        "owner": "nix-darwin",
        "repo": "nix-darwin",
        "type": "github"
      }
    },
    "nixpkgs": {
      "locked": {
        "lastModified": 1785571196,
        "narHash": "sha256-KoTsyMQqnXQZq8deCEnu4QkyldkwH/bpMMhUcfMdGIw=",
        "owner": "nixos",
        "repo": "nixpkgs",
        "rev": "148bab9c1c3c53136ecb44a6ea356a0ed5b39b06",
        "type": "github"
      },
      "original": {
        "owner": "nixos",
        "ref": "nixos-unstable",
        "repo": "nixpkgs",
        "type": "github"
      }
    },
    "nixpkgs-master": {
      "locked": {
        "lastModified": 1785706448,
        "narHash": "sha256-sRL/pSQhNkd7wcbwiTzvwWwTgUg2eKB1pdV+439j1lQ=",
        "owner": "NixOS",
        "repo": "nixpkgs",
        "rev": "e563ba71a7de7a39fdf25466269f07a64489c67f",
        "type": "github"
      },
      "original": {
        "owner": "NixOS",
        "ref": "master",
        "repo": "nixpkgs",
        "type": "github"
      }
    },
    "nixpkgs-stable": {
      "locked": {
        "lastModified": 1782847189,
        "narHash": "sha256-twXPFqFsrrY5r28Zh7Homgcp2gUMBgQ6WDS98Q/3xFI=",
        "owner": "NixOS",
        "repo": "nixpkgs",
        "rev": "b6018f87da91d19d0ab4cf979885689b469cdd41",
        "type": "github"
      },
      "original": {
        "owner": "NixOS",
        "ref": "nixos-25.11",
        "repo": "nixpkgs",
        "type": "github"
      }
    },
    "nixpkgs-unstable-small": {
      "locked": {
        "lastModified": 1785672624,
        "narHash": "sha256-TWz27RiQZf38j17BYGN/V4U2SQVtOE2pFc9u2cy3H3g=",
        "owner": "NixOS",
        "repo": "nixpkgs",
        "rev": "8205539d1c589daf91e3c192fc10fa534acc5326",
        "type": "github"
      },
      "original": {
        "owner": "NixOS",
        "ref": "nixos-unstable-small",
        "repo": "nixpkgs",
        "type": "github"
      }
    },
    "open-interpreter-darwin-aarch64": {
      "flake": false,
      "locked": {
        "lastModified": 1784058892,
        "narHash": "sha256-JTUZ4E4DRrhBO0DbSIe6l6f+kjPdublswz+Gs4Tnt04=",
        "type": "tarball",
        "url": "https://github.com/openinterpreter/openinterpreter/releases/download/rust-v0.0.23/open-interpreter-package-aarch64-apple-darwin.tar.gz"
      },
      "original": {
        "type": "tarball",
        "url": "https://github.com/openinterpreter/openinterpreter/releases/download/rust-v0.0.23/open-interpreter-package-aarch64-apple-darwin.tar.gz"
      }
    },
    "root": {
      "inputs": {
        "agent-browser-darwin-aarch64": "agent-browser-darwin-aarch64",
        "agent-browser-darwin-x86_64": "agent-browser-darwin-x86_64",
        "agent-browser-linux-aarch64": "agent-browser-linux-aarch64",
        "agent-browser-linux-x86_64": "agent-browser-linux-x86_64",
        "agent-browser-src": "agent-browser-src",
        "anthropic-skills": "anthropic-skills",
        "codex-darwin-aarch64": "codex-darwin-aarch64",
        "codex-darwin-x86_64": "codex-darwin-x86_64",
        "deploy-rs": "deploy-rs",
        "disko": "disko",
        "flake-parts": "flake-parts",
        "herdr": "herdr",
        "home-manager": "home-manager",
        "import-tree": "import-tree",
        "llm-agents": "llm-agents",
        "niri": "niri",
        "nix-darwin": "nix-darwin",
        "nixpkgs": "nixpkgs",
        "nixpkgs-master": "nixpkgs-master",
        "nixpkgs-unstable-small": "nixpkgs-unstable-small",
        "open-interpreter-darwin-aarch64": "open-interpreter-darwin-aarch64",
        "sops-nix": "sops-nix",
        "treefmt-nix": "treefmt-nix_2"
      }
    },
    "sops-nix": {
      "inputs": {
        "nixpkgs": [
          "nixpkgs"
        ]
      },
      "locked": {
        "lastModified": 1783174389,
        "narHash": "sha256-aCWC8ngycU7OdJrU2+Je3qf+1a2ykuBvpPhZT/9tXMc=",
        "owner": "Mic92",
        "repo": "sops-nix",
        "rev": "f1406619a3884cd5c47992a70b8b35c9c0fcb4c9",
        "type": "github"
      },
      "original": {
        "owner": "Mic92",
        "repo": "sops-nix",
        "type": "github"
      }
    },
    "systems": {
      "locked": {
        "lastModified": 1681028828,
        "narHash": "sha256-Vy1rq5AaRuLzOxct8nz4T6wlgyUR7zLU309k9mBC768=",
        "owner": "nix-systems",
        "repo": "default",
        "rev": "da67096a3b9bf56a91d16901293e51ba5b49a27e",
        "type": "github"
      },
      "original": {
        "owner": "nix-systems",
        "repo": "default",
        "type": "github"
      }
    },
    "systems_2": {
      "locked": {
        "lastModified": 1681028828,
        "narHash": "sha256-Vy1rq5AaRuLzOxct8nz4T6wlgyUR7zLU309k9mBC768=",
        "owner": "nix-systems",
        "repo": "default",
        "rev": "da67096a3b9bf56a91d16901293e51ba5b49a27e",
        "type": "github"
      },
      "original": {
        "owner": "nix-systems",
        "repo": "default",
        "type": "github"
      }
    },
    "treefmt-nix": {
      "inputs": {
        "nixpkgs": [
          "llm-agents",
          "nixpkgs"
        ]
      },
      "locked": {
        "lastModified": 1785360170,
        "narHash": "sha256-XE1lKgQ3eIO3E7zWryqcRsax+mYXod/5RHBn4YaR9YE=",
        "owner": "numtide",
        "repo": "treefmt-nix",
        "rev": "d1187f8bc71fb8aab02395869ec3f5c1920f75c0",
        "type": "github"
      },
      "original": {
        "owner": "numtide",
        "repo": "treefmt-nix",
        "type": "github"
      }
    },
    "treefmt-nix_2": {
      "inputs": {
        "nixpkgs": [
          "nixpkgs"
        ]
      },
      "locked": {
        "lastModified": 1785360170,
        "narHash": "sha256-XE1lKgQ3eIO3E7zWryqcRsax+mYXod/5RHBn4YaR9YE=",
        "owner": "numtide",
        "repo": "treefmt-nix",
        "rev": "d1187f8bc71fb8aab02395869ec3f5c1920f75c0",
        "type": "github"
      },
      "original": {
        "owner": "numtide",
        "repo": "treefmt-nix",
        "type": "github"
      }
    },
    "utils": {
      "inputs": {
        "systems": "systems"
      },
      "locked": {
        "lastModified": 1731533236,
        "narHash": "sha256-l0KFg5HjrsfsO/JpG+r7fRrqm12kzFHyUHqHCVpMMbI=",
        "owner": "numtide",
        "repo": "flake-utils",
        "rev": "11707dc2f618dd54ca8739b309ec4fc024de578b",
        "type": "github"
      },
      "original": {
        "owner": "numtide",
        "repo": "flake-utils",
        "type": "github"
      }
    },
    "xwayland-satellite-stable": {
      "flake": false,
      "locked": {
        "lastModified": 1755491097,
        "narHash": "sha256-m+9tUfsmBeF2Gn4HWa6vSITZ4Gz1eA1F5Kh62B0N4oE=",
        "owner": "Supreeeme",
        "repo": "xwayland-satellite",
        "rev": "388d291e82ffbc73be18169d39470f340707edaa",
        "type": "github"
      },
      "original": {
        "owner": "Supreeeme",
        "ref": "v0.7",
        "repo": "xwayland-satellite",
        "type": "github"
      }
    },
    "xwayland-satellite-unstable": {
      "flake": false,
      "locked": {
        "lastModified": 1784679892,
        "narHash": "sha256-Mb7jpqnrcYCfNSItIkkHpuR3YxWFxPuIBfcwNKlRBkk=",
        "owner": "Supreeeme",
        "repo": "xwayland-satellite",
        "rev": "8d135d3b2854b30fd01ea6cd6c27e523dd50a839",
        "type": "github"
      },
      "original": {
        "owner": "Supreeeme",
        "repo": "xwayland-satellite",
        "type": "github"
      }
    }
  },
  "root": "root",
  "version": 7
}
